
Microsoft Visual Studio Solution File, Format Version 12.00
# Visual Studio Version 17
VisualStudioVersion = 17.1.31903.286
MinimumVisualStudioVersion = 10.0.40219.1
Project("{9A19103F-16F7-4668-BE54-9A1E7A4F7556}") = "Fluid", "Fluid\Fluid.csproj", "{8CD687F1-AC65-4E4A-A510-67768999C81C}"
EndProject
Project("{2150E333-8FDC-42A3-9474-1A3956D46DE8}") = "Files", "Files", "{BE5EF08E-5F79-4BBA-BA72-F4E26E281125}"
	ProjectSection(SolutionItems) = preProject
		.github\workflows\build.yml = .github\workflows\build.yml
		Common.props = Common.props
		CREDITS.md = CREDITS.md
		NuGet.config = NuGet.config
		.github\workflows\publish.yml = .github\workflows\publish.yml
		README.md = README.md
	EndProjectSection
EndProject
Global
	GlobalSection(SolutionConfigurationPlatforms) = preSolution
		Debug|Any CPU = Debug|Any CPU
		Debug|ARM64 = Debug|ARM64
		Debug|x64 = Debug|x64
		Debug|x86 = Debug|x86
		Release|Any CPU = Release|Any CPU
		Release|ARM64 = Release|ARM64
		Release|x64 = Release|x64
		Release|x86 = Release|x86
		x65|Any CPU = x65|Any CPU
		x65|ARM64 = x65|ARM64
		x65|x64 = x65|x64
		x65|x86 = x65|x86
	EndGlobalSection
	GlobalSection(ProjectConfigurationPlatforms) = postSolution
		{8CD687F1-AC65-4E4A-A510-67768999C81C}.Debug|Any CPU.ActiveCfg = Release|Any CPU
		{8CD687F1-AC65-4E4A-A510-67768999C81C}.Debug|Any CPU.Build.0 = Release|Any CPU
		{8CD687F1-AC65-4E4A-A510-67768999C81C}.Debug|ARM64.ActiveCfg = Debug|ARM64
		{8CD687F1-AC65-4E4A-A510-67768999C81C}.Debug|ARM64.Build.0 = Debug|ARM64
		{8CD687F1-AC65-4E4A-A510-67768999C81C}.Debug|x64.ActiveCfg = Debug|x64
		{8CD687F1-AC65-4E4A-A510-67768999C81C}.Debug|x64.Build.0 = Debug|x64
		{8CD687F1-AC65-4E4A-A510-67768999C81C}.Debug|x86.ActiveCfg = Debug|x86
		{8CD687F1-AC65-4E4A-A510-67768999C81C}.Debug|x86.Build.0 = Debug|x86
		{8CD687F1-AC65-4E4A-A510-67768999C81C}.Release|Any CPU.ActiveCfg = Release|Any CPU
		{8CD687F1-AC65-4E4A-A510-67768999C81C}.Release|Any CPU.Build.0 = Release|Any CPU
		{8CD687F1-AC65-4E4A-A510-67768999C81C}.Release|ARM64.ActiveCfg = Release|ARM64
		{8CD687F1-AC65-4E4A-A510-67768999C81C}.Release|ARM64.Build.0 = Release|ARM64
		{8CD687F1-AC65-4E4A-A510-67768999C81C}.Release|x64.ActiveCfg = Release|x64
		{8CD687F1-AC65-4E4A-A510-67768999C81C}.Release|x64.Build.0 = Release|x64
		{8CD687F1-AC65-4E4A-A510-67768999C81C}.Release|x86.ActiveCfg = Release|x86
		{8CD687F1-AC65-4E4A-A510-67768999C81C}.Release|x86.Build.0 = Release|x86
		{8CD687F1-AC65-4E4A-A510-67768999C81C}.x65|Any CPU.ActiveCfg = Release|Any CPU
		{8CD687F1-AC65-4E4A-A510-67768999C81C}.x65|Any CPU.Build.0 = Release|Any CPU
		{8CD687F1-AC65-4E4A-A510-67768999C81C}.x65|ARM64.ActiveCfg = Debug|ARM64
		{8CD687F1-AC65-4E4A-A510-67768999C81C}.x65|ARM64.Build.0 = Debug|ARM64
		{8CD687F1-AC65-4E4A-A510-67768999C81C}.x65|x64.ActiveCfg = Debug|x64
		{8CD687F1-AC65-4E4A-A510-67768999C81C}.x65|x64.Build.0 = Debug|x64
		{8CD687F1-AC65-4E4A-A510-67768999C81C}.x65|x86.ActiveCfg = Debug|x86
		{8CD687F1-AC65-4E4A-A510-67768999C81C}.x65|x86.Build.0 = Debug|x86
	EndGlobalSection
	GlobalSection(SolutionProperties) = preSolution
		HideSolutionNode = FALSE
	EndGlobalSection
	GlobalSection(ExtensibilityGlobals) = postSolution
		SolutionGuid = {D2E67D40-987E-4A7A-96AB-D1018E0FCBC7}
	EndGlobalSection
EndGlobal
